
Microsoft Visual Studio Solution File, Format Version 12.00
# Visual Studio Version 17
VisualStudioVersion = 17.9.34723.18
MinimumVisualStudioVersion = 10.0.40219.1
Project("{2150E333-8FDC-42A3-9474-1A3956D46DE8}") = "src", "src", "{47A39F79-5281-4B63-BAD0-7AACA3689DB7}"
EndProject
Project("{FAE04EC0-301F-11D3-BF4B-00C04F79EFBC}") = "CreateReleaseByPrLabel", "src\CreateReleaseByPrLabel\CreateReleaseByPrLabel.csproj", "{A13B8F1F-19EE-44D6-B8FE-E797E898D77A}"
EndProject
Global
	GlobalSection(SolutionConfigurationPlatforms) = preSolution
		Debug|Any CPU = Debug|Any CPU
		Release|Any CPU = Release|Any CPU
	EndGlobalSection
	GlobalSection(ProjectConfigurationPlatforms) = postSolution
		{A13B8F1F-19EE-44D6-B8FE-E797E898D77A}.Debug|Any CPU.ActiveCfg = Debug|Any CPU
		{A13B8F1F-19EE-44D6-B8FE-E797E898D77A}.Debug|Any CPU.Build.0 = Debug|Any CPU
		{A13B8F1F-19EE-44D6-B8FE-E797E898D77A}.Release|Any CPU.ActiveCfg = Release|Any CPU
		{A13B8F1F-19EE-44D6-B8FE-E797E898D77A}.Release|Any CPU.Build.0 = Release|Any CPU
	EndGlobalSection
	GlobalSection(SolutionProperties) = preSolution
		HideSolutionNode = FALSE
	EndGlobalSection
	GlobalSection(NestedProjects) = preSolution
		{A13B8F1F-19EE-44D6-B8FE-E797E898D77A} = {47A39F79-5281-4B63-BAD0-7AACA3689DB7}
	EndGlobalSection
	GlobalSection(ExtensibilityGlobals) = postSolution
		SolutionGuid = {BA752F98-E01B-48A0-9CEE-7222C6766B81}
	EndGlobalSection
EndGlobal
